// !$*UTF8*$!
{
	archiveVersion = 1;
	classes = {
	};
	objectVersion = 56;
	objects = {

/* Begin PBXBuildFile section */
		FDFCBB1C2A184C12001753EC /* Desafio2App.swift in Sources */ = {isa = PBXBuildFile; fileRef = FDFCBB1B2A184C12001753EC /* Desafio2App.swift */; };
		FDFCBB1E2A184C12001753EC /* ContentView.swift in Sources */ = {isa = PBXBuildFile; fileRef = FDFCBB1D2A184C12001753EC /* ContentView.swift */; };
		FDFCBB202A184C13001753EC /* Assets.xcassets in Resources */ = {isa = PBXBuildFile; fileRef = FDFCBB1F2A184C13001753EC /* Assets.xcassets */; };
		FDFCBB232A184C13001753EC /* Preview Assets.xcassets in Resources */ = {isa = PBXBuildFile; fileRef = FDFCBB222A184C13001753EC /* Preview Assets.xcassets */; };
		FDFCBB2A2A184CD9001753EC /* Modo1.swift in Sources */ = {isa = PBXBuildFile; fileRef = FDFCBB292A184CD9001753EC /* Modo1.swift */; };
		FDFCBB2E2A184D69001753EC /* Modo2.swift in Sources */ = {isa = PBXBuildFile; fileRef = FDFCBB2D2A184D69001753EC /* Modo2.swift */; };
		FDFCBB302A184D99001753EC /* Modo3.swift in Sources */ = {isa = PBXBuildFile; fileRef = FDFCBB2F2A184D99001753EC /* Modo3.swift */; };
/* End PBXBuildFile section */

/* Begin PBXFileReference section */
		FDFCBB182A184C12001753EC /* Desafio2.app */ = {isa = PBXFileReference; explicitFileType = wrapper.application; includeInIndex = 0; path = Desafio2.app; sourceTree = BUILT_PRODUCTS_DIR; };
		FDFCBB1B2A184C12001753EC /* Desafio2App.swift */ = {isa = PBXFileReference; lastKnownFileType = sourcecode.swift; path = Desafio2App.swift; sourceTree = "<group>"; };
		FDFCBB1D2A184C12001753EC /* ContentView.swift */ = {isa = PBXFileReference; lastKnownFileType = sourcecode.swift; path = ContentView.swift; sourceTree = "<group>"; };
		FDFCBB1F2A184C13001753EC /* Assets.xcassets */ = {isa = PBXFileReference; lastKnownFileType = folder.assetcatalog; path = Assets.xcassets; sourceTree = "<group>"; };
		FDFCBB222A184C13001753EC /* Preview Assets.xcassets */ = {isa = PBXFileReference; lastKnownFileType = folder.assetcatalog; path = "Preview Assets.xcassets"; sourceTree = "<group>"; };
		FDFCBB292A184CD9001753EC /* Modo1.swift */ = {isa = PBXFileReference; lastKnownFileType = sourcecode.swift; path = Modo1.swift; sourceTree = "<group>"; };
		FDFCBB2D2A184D69001753EC /* Modo2.swift */ = {isa = PBXFileReference; lastKnownFileType = sourcecode.swift; path = Modo2.swift; sourceTree = "<group>"; };
		FDFCBB2F2A184D99001753EC /* Modo3.swift */ = {isa = PBXFileReference; lastKnownFileType = sourcecode.swift; path = Modo3.swift; sourceTree = "<group>"; };
/* End PBXFileReference section */

/* Begin PBXFrameworksBuildPhase section */
		FDFCBB152A184C12001753EC /* Frameworks */ = {
			isa = PBXFrameworksBuildPhase;
			buildActionMask = 2147483647;
			files = (
			);
			runOnlyForDeploymentPostprocessing = 0;
		};
/* End PBXFrameworksBuildPhase section */

/* Begin PBXGroup section */
		FDFCBB0F2A184C12001753EC = {
			isa = PBXGroup;
			children = (
				FDFCBB1A2A184C12001753EC /* Desafio2 */,
				FDFCBB192A184C12001753EC /* Products */,
			);
			sourceTree = "<group>";
		};
		FDFCBB192A184C12001753EC /* Products */ = {
			isa = PBXGroup;
			children = (
				FDFCBB182A184C12001753EC /* Desafio2.app */,
			);
			name = Products;
			sourceTree = "<group>";
		};
		FDFCBB1A2A184C12001753EC /* Desafio2 */ = {
			isa = PBXGroup;
			children = (
				FDFCBB1B2A184C12001753EC /* Desafio2App.swift */,
				FDFCBB1D2A184C12001753EC /* ContentView.swift */,
				FDFCBB1F2A184C13001753EC /* Assets.xcassets */,
				FDFCBB212A184C13001753EC /* Preview Content */,
				FDFCBB292A184CD9001753EC /* Modo1.swift */,
				FDFCBB2D2A184D69001753EC /* Modo2.swift */,
				FDFCBB2F2A184D99001753EC /* Modo3.swift */,
			);
			path = Desafio2;
			sourceTree = "<group>";
		};
		FDFCBB212A184C13001753EC /* Preview Content */ = {
			isa = PBXGroup;
			children = (
				FDFCBB222A184C13001753EC /* Preview Assets.xcassets */,
			);
			path = "Preview Content";
			sourceTree = "<group>";
		};
/* End PBXGroup section */

/* Begin PBXNativeTarget section */
		FDFCBB172A184C12001753EC /* Desafio2 */ = {
			isa = PBXNativeTarget;
			buildConfigurationList = FDFCBB262A184C13001753EC /* Build configuration list for PBXNativeTarget "Desafio2" */;
			buildPhases = (
				FDFCBB142A184C12001753EC /* Sources */,
				FDFCBB152A184C12001753EC /* Frameworks */,
				FDFCBB162A184C12001753EC /* Resources */,
			);
			buildRules = (
			);
			dependencies = (
			);
			name = Desafio2;
			productName = Desafio2;
			productReference = FDFCBB182A184C12001753EC /* Desafio2.app */;
			productType = "com.apple.product-type.application";
		};
/* End PBXNativeTarget section */

/* Begin PBXProject section */
		FDFCBB102A184C12001753EC /* Project object */ = {
			isa = PBXProject;
			attributes = {
				BuildIndependentTargetsInParallel = 1;
				LastSwiftUpdateCheck = 1420;
				LastUpgradeCheck = 1420;
				TargetAttributes = {
					FDFCBB172A184C12001753EC = {
						CreatedOnToolsVersion = 14.2;
					};
				};
			};
			buildConfigurationList = FDFCBB132A184C12001753EC /* Build configuration list for PBXProject "Desafio2" */;
			compatibilityVersion = "Xcode 14.0";
			developmentRegion = en;
			hasScannedForEncodings = 0;
			knownRegions = (
				en,
				Base,
			);
			mainGroup = FDFCBB0F2A184C12001753EC;
			productRefGroup = FDFCBB192A184C12001753EC /* Products */;
			projectDirPath = "";
			projectRoot = "";
			targets = (
				FDFCBB172A184C12001753EC /* Desafio2 */,
			);
		};
/* End PBXProject section */

/* Begin PBXResourcesBuildPhase section */
		FDFCBB162A184C12001753EC /* Resources */ = {
			isa = PBXResourcesBuildPhase;
			buildActionMask = 2147483647;
			files = (
				FDFCBB232A184C13001753EC /* Preview Assets.xcassets in Resources */,
				FDFCBB202A184C13001753EC /* Assets.xcassets in Resources */,
			);
			runOnlyForDeploymentPostprocessing = 0;
		};
/* End PBXResourcesBuildPhase section */

/* Begin PBXSourcesBuildPhase section */
		FDFCBB142A184C12001753EC /* Sources */ = {
			isa = PBXSourcesBuildPhase;
			buildActionMask = 2147483647;
			files = (
				FDFCBB2A2A184CD9001753EC /* Modo1.swift in Sources */,
				FDFCBB1E2A184C12001753EC /* ContentView.swift in Sources */,
				FDFCBB1C2A184C12001753EC /* Desafio2App.swift in Sources */,
				FDFCBB2E2A184D69001753EC /* Modo2.swift in Sources */,
				FDFCBB302A184D99001753EC /* Modo3.swift in Sources */,
			);
			runOnlyForDeploymentPostprocessing = 0;
		};
/* End PBXSourcesBuildPhase section */

/* Begin XCBuildConfiguration section */
		FDFCBB242A184C13001753EC /* Debug */ = {
			isa = XCBuildConfiguration;
			buildSettings = {
				ALWAYS_SEARCH_USER_PATHS = NO;
				CLANG_ANALYZER_NONNULL = YES;
				CLANG_ANALYZER_NUMBER_OBJECT_CONVERSION = YES_AGGRESSIVE;
				CLANG_CXX_LANGUAGE_STANDARD = "gnu++20";
				CLANG_ENABLE_MODULES = YES;
				CLANG_ENABLE_OBJC_ARC = YES;
				CLANG_ENABLE_OBJC_WEAK = YES;
				CLANG_WARN_BLOCK_CAPTURE_AUTORELEASING = YES;
				CLANG_WARN_BOOL_CONVERSION = YES;
				CLANG_WARN_COMMA = YES;
				CLANG_WARN_CONSTANT_CONVERSION = YES;
				CLANG_WARN_DEPRECATED_OBJC_IMPLEMENTATIONS = YES;
				CLANG_WARN_DIRECT_OBJC_ISA_USAGE = YES_ERROR;
				CLANG_WARN_DOCUMENTATION_COMMENTS = YES;
				CLANG_WARN_EMPTY_BODY = YES;
				CLANG_WARN_ENUM_CONVERSION = YES;
				CLANG_WARN_INFINITE_RECURSION = YES;
				CLANG_WARN_INT_CONVERSION = YES;
				CLANG_WARN_NON_LITERAL_NULL_CONVERSION = YES;
				CLANG_WARN_OBJC_IMPLICIT_RETAIN_SELF = YES;
				CLANG_WARN_OBJC_LITERAL_CONVERSION = YES;
				CLANG_WARN_OBJC_ROOT_CLASS = YES_ERROR;
				CLANG_WARN_QUOTED_INCLUDE_IN_FRAMEWORK_HEADER = YES;
				CLANG_WARN_RANGE_LOOP_ANALYSIS = YES;
				CLANG_WARN_STRICT_PROTOTYPES = YES;
				CLANG_WARN_SUSPICIOUS_MOVE = YES;
				CLANG_WARN_UNGUARDED_AVAILABILITY = YES_AGGRESSIVE;
				CLANG_WARN_UNREACHABLE_CODE = YES;
				CLANG_WARN__DUPLICATE_METHOD_MATCH = YES;
				COPY_PHASE_STRIP = NO;
				DEBUG_INFORMATION_FORMAT = dwarf;
				ENABLE_STRICT_OBJC_MSGSEND = YES;
				ENABLE_TESTABILITY = YES;
				GCC_C_LANGUAGE_STANDARD = gnu11;
				GCC_DYNAMIC_NO_PIC = NO;
				GCC_NO_COMMON_BLOCKS = YES;
				GCC_OPTIMIZATION_LEVEL = 0;
				GCC_PREPROCESSOR_DEFINITIONS = (
					"DEBUG=1",
					"$(inherited)",
				);
				GCC_WARN_64_TO_32_BIT_CONVERSION = YES;
				GCC_WARN_ABOUT_RETURN_TYPE = YES_ERROR;
				GCC_WARN_UNDECLARED_SELECTOR = YES;
				GCC_WARN_UNINITIALIZED_AUTOS = YES_AGGRESSIVE;
				GCC_WARN_UNUSED_FUNCTION = YES;
				GCC_WARN_UNUSED_VARIABLE = YES;
				IPHONEOS_DEPLOYMENT_TARGET = 16.2;
				MTL_ENABLE_DEBUG_INFO = INCLUDE_SOURCE;
				MTL_FAST_MATH = YES;
				ONLY_ACTIVE_ARCH = YES;
				SDKROOT = iphoneos;
				SWIFT_ACTIVE_COMPILATION_CONDITIONS = DEBUG;
				SWIFT_OPTIMIZATION_LEVEL = "-Onone";
			};
			name = Debug;
		};
		FDFCBB252A184C13001753EC /* Release */ = {
			isa = XCBuildConfiguration;
			buildSettings = {
				ALWAYS_SEARCH_USER_PATHS = NO;
				CLANG_ANALYZER_NONNULL = YES;
				CLANG_ANALYZER_NUMBER_OBJECT_CONVERSION = YES_AGGRESSIVE;
				CLANG_CXX_LANGUAGE_STANDARD = "gnu++20";
				CLANG_ENABLE_MODULES = YES;
				CLANG_ENABLE_OBJC_ARC = YES;
				CLANG_ENABLE_OBJC_WEAK = YES;
				CLANG_WARN_BLOCK_CAPTURE_AUTORELEASING = YES;
				CLANG_WARN_BOOL_CONVERSION = YES;
				CLANG_WARN_COMMA = YES;
				CLANG_WARN_CONSTANT_CONVERSION = YES;
				CLANG_WARN_DEPRECATED_OBJC_IMPLEMENTATIONS = YES;
				CLANG_WARN_DIRECT_OBJC_ISA_USAGE = YES_ERROR;
				CLANG_WARN_DOCUMENTATION_COMMENTS = YES;
				CLANG_WARN_EMPTY_BODY = YES;
				CLANG_WARN_ENUM_CONVERSION = YES;
				CLANG_WARN_INFINITE_RECURSION = YES;
				CLANG_WARN_INT_CONVERSION = YES;
				CLANG_WARN_NON_LITERAL_NULL_CONVERSION = YES;
				CLANG_WARN_OBJC_IMPLICIT_RETAIN_SELF = YES;
				CLANG_WARN_OBJC_LITERAL_CONVERSION = YES;
				CLANG_WARN_OBJC_ROOT_CLASS = YES_ERROR;
				CLANG_WARN_QUOTED_INCLUDE_IN_FRAMEWORK_HEADER = YES;
				CLANG_WARN_RANGE_LOOP_ANALYSIS = YES;
				CLANG_WARN_STRICT_PROTOTYPES = YES;
				CLANG_WARN_SUSPICIOUS_MOVE = YES;
				CLANG_WARN_UNGUARDED_AVAILABILITY = YES_AGGRESSIVE;
				CLANG_WARN_UNREACHABLE_CODE = YES;
				CLANG_WARN__DUPLICATE_METHOD_MATCH = YES;
				COPY_PHASE_STRIP = NO;
				DEBUG_INFORMATION_FORMAT = "dwarf-with-dsym";
				ENABLE_NS_ASSERTIONS = NO;
				ENABLE_STRICT_OBJC_MSGSEND = YES;
				GCC_C_LANGUAGE_STANDARD = gnu11;
				GCC_NO_COMMON_BLOCKS = YES;
				GCC_WARN_64_TO_32_BIT_CONVERSION = YES;
				GCC_WARN_ABOUT_RETURN_TYPE = YES_ERROR;
				GCC_WARN_UNDECLARED_SELECTOR = YES;
				GCC_WARN_UNINITIALIZED_AUTOS = YES_AGGRESSIVE;
				GCC_WARN_UNUSED_FUNCTION = YES;
				GCC_WARN_UNUSED_VARIABLE = YES;
				IPHONEOS_DEPLOYMENT_TARGET = 16.2;
				MTL_ENABLE_DEBUG_INFO = NO;
				MTL_FAST_MATH = YES;
				SDKROOT = iphoneos;
				SWIFT_COMPILATION_MODE = wholemodule;
				SWIFT_OPTIMIZATION_LEVEL = "-O";
				VALIDATE_PRODUCT = YES;
			};
			name = Release;
		};
		FDFCBB272A184C13001753EC /* Debug */ = {
			isa = XCBuildConfiguration;
			buildSettings = {
				ASSETCATALOG_COMPILER_APPICON_NAME = AppIcon;
				ASSETCATALOG_COMPILER_GLOBAL_ACCENT_COLOR_NAME = AccentColor;
				CODE_SIGN_STYLE = Automatic;
				CURRENT_PROJECT_VERSION = 1;
				DEVELOPMENT_ASSET_PATHS = "\"Desafio2/Preview Content\"";
				ENABLE_PREVIEWS = YES;
				GENERATE_INFOPLIST_FILE = YES;
				INFOPLIST_KEY_UIApplicationSceneManifest_Generation = YES;
				INFOPLIST_KEY_UIApplicationSupportsIndirectInputEvents = YES;
				INFOPLIST_KEY_UILaunchScreen_Generation = YES;
				INFOPLIST_KEY_UISupportedInterfaceOrientations_iPad = "UIInterfaceOrientationPortrait UIInterfaceOrientationPortraitUpsideDown UIInterfaceOrientationLandscapeLeft UIInterfaceOrientationLandscapeRight";
				INFOPLIST_KEY_UISupportedInterfaceOrientations_iPhone = "UIInterfaceOrientationPortrait UIInterfaceOrientationLandscapeLeft UIInterfaceOrientationLandscapeRight";
				LD_RUNPATH_SEARCH_PATHS = (
					"$(inherited)",
					"@executable_path/Frameworks",
				);
				MARKETING_VERSION = 1.0;
				PRODUCT_BUNDLE_IDENTIFIER = com.br.euller.Desafio2;
				PRODUCT_NAME = "$(TARGET_NAME)";
				SWIFT_EMIT_LOC_STRINGS = YES;
				SWIFT_VERSION = 5.0;
				TARGETED_DEVICE_FAMILY = "1,2";
			};
			name = Debug;
		};
		FDFCBB282A184C13001753EC /* Release */ = {
			isa = XCBuildConfiguration;
			buildSettings = {
				ASSETCATALOG_COMPILER_APPICON_NAME = AppIcon;
				ASSETCATALOG_COMPILER_GLOBAL_ACCENT_COLOR_NAME = AccentColor;
				CODE_SIGN_STYLE = Automatic;
				CURRENT_PROJECT_VERSION = 1;
				DEVELOPMENT_ASSET_PATHS = "\"Desafio2/Preview Content\"";
				ENABLE_PREVIEWS = YES;
				GENERATE_INFOPLIST_FILE = YES;
				INFOPLIST_KEY_UIApplicationSceneManifest_Generation = YES;
				INFOPLIST_KEY_UIApplicationSupportsIndirectInputEvents = YES;
				INFOPLIST_KEY_UILaunchScreen_Generation = YES;
				INFOPLIST_KEY_UISupportedInterfaceOrientations_iPad = "UIInterfaceOrientationPortrait UIInterfaceOrientationPortraitUpsideDown UIInterfaceOrientationLandscapeLeft UIInterfaceOrientationLandscapeRight";
				INFOPLIST_KEY_UISupportedInterfaceOrientations_iPhone = "UIInterfaceOrientationPortrait UIInterfaceOrientationLandscapeLeft UIInterfaceOrientationLandscapeRight";
				LD_RUNPATH_SEARCH_PATHS = (
					"$(inherited)",
					"@executable_path/Frameworks",
				);
				MARKETING_VERSION = 1.0;
				PRODUCT_BUNDLE_IDENTIFIER = com.br.euller.Desafio2;
				PRODUCT_NAME = "$(TARGET_NAME)";
				SWIFT_EMIT_LOC_STRINGS = YES;
				SWIFT_VERSION = 5.0;
				TARGETED_DEVICE_FAMILY = "1,2";
			};
			name = Release;
		};
/* End XCBuildConfiguration section */

/* Begin XCConfigurationList section */
		FDFCBB132A184C12001753EC /* Build configuration list for PBXProject "Desafio2" */ = {
			isa = XCConfigurationList;
			buildConfigurations = (
				FDFCBB242A184C13001753EC /* Debug */,
				FDFCBB252A184C13001753EC /* Release */,
			);
			defaultConfigurationIsVisible = 0;
			defaultConfigurationName = Release;
		};
		FDFCBB262A184C13001753EC /* Build configuration list for PBXNativeTarget "Desafio2" */ = {
			isa = XCConfigurationList;
			buildConfigurations = (
				FDFCBB272A184C13001753EC /* Debug */,
				FDFCBB282A184C13001753EC /* Release */,
			);
			defaultConfigurationIsVisible = 0;
			defaultConfigurationName = Release;
		};
/* End XCConfigurationList section */
	};
	rootObject = FDFCBB102A184C12001753EC /* Project object */;
}
